
Microsoft Visual Studio Solution File, Format Version 12.00
Project("{FAE04EC0-301F-11D3-BF4B-00C04F79EFBC}") = "Server", "Server\Server.csproj", "{7E29EE61-E928-43B0-A5FF-63CCDD1BCBE2}"
EndProject
Project("{FAE04EC0-301F-11D3-BF4B-00C04F79EFBC}") = "Client", "Client\Client.csproj", "{71AF2816-2C87-4A95-9D15-F4F7DDA7E591}"
EndProject
Project("{FAE04EC0-301F-11D3-BF4B-00C04F79EFBC}") = "Cache", "Cache\Cache.csproj", "{1DEE1ABD-9A1C-47A6-82AC-05E973198D83}"
EndProject
Global
	GlobalSection(SolutionConfigurationPlatforms) = preSolution
		Debug|Any CPU = Debug|Any CPU
		Release|Any CPU = Release|Any CPU
	EndGlobalSection
	GlobalSection(ProjectConfigurationPlatforms) = postSolution
		{7E29EE61-E928-43B0-A5FF-63CCDD1BCBE2}.Debug|Any CPU.ActiveCfg = Debug|Any CPU
		{7E29EE61-E928-43B0-A5FF-63CCDD1BCBE2}.Debug|Any CPU.Build.0 = Debug|Any CPU
		{7E29EE61-E928-43B0-A5FF-63CCDD1BCBE2}.Release|Any CPU.ActiveCfg = Release|Any CPU
		{7E29EE61-E928-43B0-A5FF-63CCDD1BCBE2}.Release|Any CPU.Build.0 = Release|Any CPU
		{71AF2816-2C87-4A95-9D15-F4F7DDA7E591}.Debug|Any CPU.ActiveCfg = Debug|Any CPU
		{71AF2816-2C87-4A95-9D15-F4F7DDA7E591}.Debug|Any CPU.Build.0 = Debug|Any CPU
		{71AF2816-2C87-4A95-9D15-F4F7DDA7E591}.Release|Any CPU.ActiveCfg = Release|Any CPU
		{71AF2816-2C87-4A95-9D15-F4F7DDA7E591}.Release|Any CPU.Build.0 = Release|Any CPU
		{1DEE1ABD-9A1C-47A6-82AC-05E973198D83}.Debug|Any CPU.ActiveCfg = Debug|Any CPU
		{1DEE1ABD-9A1C-47A6-82AC-05E973198D83}.Debug|Any CPU.Build.0 = Debug|Any CPU
		{1DEE1ABD-9A1C-47A6-82AC-05E973198D83}.Release|Any CPU.ActiveCfg = Release|Any CPU
		{1DEE1ABD-9A1C-47A6-82AC-05E973198D83}.Release|Any CPU.Build.0 = Release|Any CPU
	EndGlobalSection
EndGlobal
